
Microsoft Visual Studio Solution File, Format Version 12.00
# Visual Studio 15
VisualStudioVersion = 15.0.26730.15
MinimumVisualStudioVersion = 10.0.40219.1
Project("{FAE04EC0-301F-11D3-BF4B-00C04F79EFBC}") = "NewsApp.Droid", "NewsApp\NewsApp.Droid\NewsApp.Droid.csproj", "{931866B0-6E60-45E0-8FCD-5ABF1249F6B2}"
EndProject
Project("{FAE04EC0-301F-11D3-BF4B-00C04F79EFBC}") = "NewsApp.Core", "NewsApp\NewsApp.Core\NewsApp.Core.csproj", "{FE72FF81-6FCD-4874-BCA8-A2A665E83F77}"
EndProject
Project("{FAE04EC0-301F-11D3-BF4B-00C04F79EFBC}") = "NewsApp.iOS", "NewsApp\NewsApp.iOS\NewsApp.iOS.csproj", "{90715E8C-B522-4CAE-A7AD-2587AD946F85}"
EndProject
Project("{FAE04EC0-301F-11D3-BF4B-00C04F79EFBC}") = "NewsApp.UWP", "NewsApp\NewsApp.UWP\NewsApp.UWP.csproj", "{2DED7CDE-720F-4FC1-904D-25CC569F57BF}"
EndProject
Project("{FAE04EC0-301F-11D3-BF4B-00C04F79EFBC}") = "NewsApp.WPF", "NewsApp\NewsApp.WPF\NewsApp.WPF.csproj", "{9576F880-6C8E-44EA-8ECC-656FD21AD866}"
EndProject
Global
	GlobalSection(SolutionConfigurationPlatforms) = preSolution
		Ad-Hoc|Any CPU = Ad-Hoc|Any CPU
		Ad-Hoc|ARM = Ad-Hoc|ARM
		Ad-Hoc|iPhone = Ad-Hoc|iPhone
		Ad-Hoc|iPhoneSimulator = Ad-Hoc|iPhoneSimulator
		Ad-Hoc|x64 = Ad-Hoc|x64
		Ad-Hoc|x86 = Ad-Hoc|x86
		AppStore|Any CPU = AppStore|Any CPU
		AppStore|ARM = AppStore|ARM
		AppStore|iPhone = AppStore|iPhone
		AppStore|iPhoneSimulator = AppStore|iPhoneSimulator
		AppStore|x64 = AppStore|x64
		AppStore|x86 = AppStore|x86
		Debug|Any CPU = Debug|Any CPU
		Debug|ARM = Debug|ARM
		Debug|iPhone = Debug|iPhone
		Debug|iPhoneSimulator = Debug|iPhoneSimulator
		Debug|x64 = Debug|x64
		Debug|x86 = Debug|x86
		Release|Any CPU = Release|Any CPU
		Release|ARM = Release|ARM
		Release|iPhone = Release|iPhone
		Release|iPhoneSimulator = Release|iPhoneSimulator
		Release|x64 = Release|x64
		Release|x86 = Release|x86
	EndGlobalSection
	GlobalSection(ProjectConfigurationPlatforms) = postSolution
		{931866B0-6E60-45E0-8FCD-5ABF1249F6B2}.Ad-Hoc|Any CPU.ActiveCfg = Release|Any CPU
		{931866B0-6E60-45E0-8FCD-5ABF1249F6B2}.Ad-Hoc|Any CPU.Build.0 = Release|Any CPU
		{931866B0-6E60-45E0-8FCD-5ABF1249F6B2}.Ad-Hoc|Any CPU.Deploy.0 = Release|Any CPU
		{931866B0-6E60-45E0-8FCD-5ABF1249F6B2}.Ad-Hoc|ARM.ActiveCfg = Release|Any CPU
		{931866B0-6E60-45E0-8FCD-5ABF1249F6B2}.Ad-Hoc|ARM.Build.0 = Release|Any CPU
		{931866B0-6E60-45E0-8FCD-5ABF1249F6B2}.Ad-Hoc|ARM.Deploy.0 = Release|Any CPU
		{931866B0-6E60-45E0-8FCD-5ABF1249F6B2}.Ad-Hoc|iPhone.ActiveCfg = Release|Any CPU
		{931866B0-6E60-45E0-8FCD-5ABF1249F6B2}.Ad-Hoc|iPhone.Build.0 = Release|Any CPU
		{931866B0-6E60-45E0-8FCD-5ABF1249F6B2}.Ad-Hoc|iPhone.Deploy.0 = Release|Any CPU
		{931866B0-6E60-45E0-8FCD-5ABF1249F6B2}.Ad-Hoc|iPhoneSimulator.ActiveCfg = Release|Any CPU
		{931866B0-6E60-45E0-8FCD-5ABF1249F6B2}.Ad-Hoc|iPhoneSimulator.Build.0 = Release|Any CPU
		{931866B0-6E60-45E0-8FCD-5ABF1249F6B2}.Ad-Hoc|iPhoneSimulator.Deploy.0 = Release|Any CPU
		{931866B0-6E60-45E0-8FCD-5ABF1249F6B2}.Ad-Hoc|x64.ActiveCfg = Release|Any CPU
		{931866B0-6E60-45E0-8FCD-5ABF1249F6B2}.Ad-Hoc|x64.Build.0 = Release|Any CPU
		{931866B0-6E60-45E0-8FCD-5ABF1249F6B2}.Ad-Hoc|x64.Deploy.0 = Release|Any CPU
		{931866B0-6E60-45E0-8FCD-5ABF1249F6B2}.Ad-Hoc|x86.ActiveCfg = Release|Any CPU
		{931866B0-6E60-45E0-8FCD-5ABF1249F6B2}.Ad-Hoc|x86.Build.0 = Release|Any CPU
		{931866B0-6E60-45E0-8FCD-5ABF1249F6B2}.Ad-Hoc|x86.Deploy.0 = Release|Any CPU
		{931866B0-6E60-45E0-8FCD-5ABF1249F6B2}.AppStore|Any CPU.ActiveCfg = Release|Any CPU
		{931866B0-6E60-45E0-8FCD-5ABF1249F6B2}.AppStore|Any CPU.Build.0 = Release|Any CPU
		{931866B0-6E60-45E0-8FCD-5ABF1249F6B2}.AppStore|Any CPU.Deploy.0 = Release|Any CPU
		{931866B0-6E60-45E0-8FCD-5ABF1249F6B2}.AppStore|ARM.ActiveCfg = Release|Any CPU
		{931866B0-6E60-45E0-8FCD-5ABF1249F6B2}.AppStore|ARM.Build.0 = Release|Any CPU
		{931866B0-6E60-45E0-8FCD-5ABF1249F6B2}.AppStore|ARM.Deploy.0 = Release|Any CPU
		{931866B0-6E60-45E0-8FCD-5ABF1249F6B2}.AppStore|iPhone.ActiveCfg = Release|Any CPU
		{931866B0-6E60-45E0-8FCD-5ABF1249F6B2}.AppStore|iPhone.Build.0 = Release|Any CPU
		{931866B0-6E60-45E0-8FCD-5ABF1249F6B2}.AppStore|iPhone.Deploy.0 = Release|Any CPU
		{931866B0-6E60-45E0-8FCD-5ABF1249F6B2}.AppStore|iPhoneSimulator.ActiveCfg = Release|Any CPU
		{931866B0-6E60-45E0-8FCD-5ABF1249F6B2}.AppStore|iPhoneSimulator.Build.0 = Release|Any CPU
		{931866B0-6E60-45E0-8FCD-5ABF1249F6B2}.AppStore|iPhoneSimulator.Deploy.0 = Release|Any CPU
		{931866B0-6E60-45E0-8FCD-5ABF1249F6B2}.AppStore|x64.ActiveCfg = Release|Any CPU
		{931866B0-6E60-45E0-8FCD-5ABF1249F6B2}.AppStore|x64.Build.0 = Release|Any CPU
		{931866B0-6E60-45E0-8FCD-5ABF1249F6B2}.AppStore|x64.Deploy.0 = Release|Any CPU
		{931866B0-6E60-45E0-8FCD-5ABF1249F6B2}.AppStore|x86.ActiveCfg = Release|Any CPU
		{931866B0-6E60-45E0-8FCD-5ABF1249F6B2}.AppStore|x86.Build.0 = Release|Any CPU
		{931866B0-6E60-45E0-8FCD-5ABF1249F6B2}.AppStore|x86.Deploy.0 = Release|Any CPU
		{931866B0-6E60-45E0-8FCD-5ABF1249F6B2}.Debug|Any CPU.ActiveCfg = Debug|Any CPU
		{931866B0-6E60-45E0-8FCD-5ABF1249F6B2}.Debug|Any CPU.Build.0 = Debug|Any CPU
		{931866B0-6E60-45E0-8FCD-5ABF1249F6B2}.Debug|Any CPU.Deploy.0 = Debug|Any CPU
		{931866B0-6E60-45E0-8FCD-5ABF1249F6B2}.Debug|ARM.ActiveCfg = Debug|Any CPU
		{931866B0-6E60-45E0-8FCD-5ABF1249F6B2}.Debug|ARM.Build.0 = Debug|Any CPU
		{931866B0-6E60-45E0-8FCD-5ABF1249F6B2}.Debug|ARM.Deploy.0 = Debug|Any CPU
		{931866B0-6E60-45E0-8FCD-5ABF1249F6B2}.Debug|iPhone.ActiveCfg = Debug|Any CPU
		{931866B0-6E60-45E0-8FCD-5ABF1249F6B2}.Debug|iPhone.Build.0 = Debug|Any CPU
		{931866B0-6E60-45E0-8FCD-5ABF1249F6B2}.Debug|iPhone.Deploy.0 = Debug|Any CPU
		{931866B0-6E60-45E0-8FCD-5ABF1249F6B2}.Debug|iPhoneSimulator.ActiveCfg = Debug|Any CPU
		{931866B0-6E60-45E0-8FCD-5ABF1249F6B2}.Debug|iPhoneSimulator.Build.0 = Debug|Any CPU
		{931866B0-6E60-45E0-8FCD-5ABF1249F6B2}.Debug|iPhoneSimulator.Deploy.0 = Debug|Any CPU
		{931866B0-6E60-45E0-8FCD-5ABF1249F6B2}.Debug|x64.ActiveCfg = Debug|Any CPU
		{931866B0-6E60-45E0-8FCD-5ABF1249F6B2}.Debug|x64.Build.0 = Debug|Any CPU
		{931866B0-6E60-45E0-8FCD-5ABF1249F6B2}.Debug|x64.Deploy.0 = Debug|Any CPU
		{931866B0-6E60-45E0-8FCD-5ABF1249F6B2}.Debug|x86.ActiveCfg = Debug|Any CPU
		{931866B0-6E60-45E0-8FCD-5ABF1249F6B2}.Debug|x86.Build.0 = Debug|Any CPU
		{931866B0-6E60-45E0-8FCD-5ABF1249F6B2}.Debug|x86.Deploy.0 = Debug|Any CPU
		{931866B0-6E60-45E0-8FCD-5ABF1249F6B2}.Release|Any CPU.ActiveCfg = Release|Any CPU
		{931866B0-6E60-45E0-8FCD-5ABF1249F6B2}.Release|Any CPU.Build.0 = Release|Any CPU
		{931866B0-6E60-45E0-8FCD-5ABF1249F6B2}.Release|Any CPU.Deploy.0 = Release|Any CPU
		{931866B0-6E60-45E0-8FCD-5ABF1249F6B2}.Release|ARM.ActiveCfg = Release|Any CPU
		{931866B0-6E60-45E0-8FCD-5ABF1249F6B2}.Release|ARM.Build.0 = Release|Any CPU
		{931866B0-6E60-45E0-8FCD-5ABF1249F6B2}.Release|ARM.Deploy.0 = Release|Any CPU
		{931866B0-6E60-45E0-8FCD-5ABF1249F6B2}.Release|iPhone.ActiveCfg = Release|Any CPU
		{931866B0-6E60-45E0-8FCD-5ABF1249F6B2}.Release|iPhone.Build.0 = Release|Any CPU
		{931866B0-6E60-45E0-8FCD-5ABF1249F6B2}.Release|iPhone.Deploy.0 = Release|Any CPU
		{931866B0-6E60-45E0-8FCD-5ABF1249F6B2}.Release|iPhoneSimulator.ActiveCfg = Release|Any CPU
		{931866B0-6E60-45E0-8FCD-5ABF1249F6B2}.Release|iPhoneSimulator.Build.0 = Release|Any CPU
		{931866B0-6E60-45E0-8FCD-5ABF1249F6B2}.Release|iPhoneSimulator.Deploy.0 = Release|Any CPU
		{931866B0-6E60-45E0-8FCD-5ABF1249F6B2}.Release|x64.ActiveCfg = Release|Any CPU
		{931866B0-6E60-45E0-8FCD-5ABF1249F6B2}.Release|x64.Build.0 = Release|Any CPU
		{931866B0-6E60-45E0-8FCD-5ABF1249F6B2}.Release|x64.Deploy.0 = Release|Any CPU
		{931866B0-6E60-45E0-8FCD-5ABF1249F6B2}.Release|x86.ActiveCfg = Release|Any CPU
		{931866B0-6E60-45E0-8FCD-5ABF1249F6B2}.Release|x86.Build.0 = Release|Any CPU
		{931866B0-6E60-45E0-8FCD-5ABF1249F6B2}.Release|x86.Deploy.0 = Release|Any CPU
		{FE72FF81-6FCD-4874-BCA8-A2A665E83F77}.Ad-Hoc|Any CPU.ActiveCfg = Release|Any CPU
		{FE72FF81-6FCD-4874-BCA8-A2A665E83F77}.Ad-Hoc|Any CPU.Build.0 = Release|Any CPU
		{FE72FF81-6FCD-4874-BCA8-A2A665E83F77}.Ad-Hoc|ARM.ActiveCfg = Release|Any CPU
		{FE72FF81-6FCD-4874-BCA8-A2A665E83F77}.Ad-Hoc|ARM.Build.0 = Release|Any CPU
		{FE72FF81-6FCD-4874-BCA8-A2A665E83F77}.Ad-Hoc|iPhone.ActiveCfg = Release|Any CPU
		{FE72FF81-6FCD-4874-BCA8-A2A665E83F77}.Ad-Hoc|iPhone.Build.0 = Release|Any CPU
		{FE72FF81-6FCD-4874-BCA8-A2A665E83F77}.Ad-Hoc|iPhoneSimulator.ActiveCfg = Release|Any CPU
		{FE72FF81-6FCD-4874-BCA8-A2A665E83F77}.Ad-Hoc|iPhoneSimulator.Build.0 = Release|Any CPU
		{FE72FF81-6FCD-4874-BCA8-A2A665E83F77}.Ad-Hoc|x64.ActiveCfg = Release|Any CPU
		{FE72FF81-6FCD-4874-BCA8-A2A665E83F77}.Ad-Hoc|x64.Build.0 = Release|Any CPU
		{FE72FF81-6FCD-4874-BCA8-A2A665E83F77}.Ad-Hoc|x86.ActiveCfg = Release|Any CPU
		{FE72FF81-6FCD-4874-BCA8-A2A665E83F77}.Ad-Hoc|x86.Build.0 = Release|Any CPU
		{FE72FF81-6FCD-4874-BCA8-A2A665E83F77}.AppStore|Any CPU.ActiveCfg = Release|Any CPU
		{FE72FF81-6FCD-4874-BCA8-A2A665E83F77}.AppStore|Any CPU.Build.0 = Release|Any CPU
		{FE72FF81-6FCD-4874-BCA8-A2A665E83F77}.AppStore|ARM.ActiveCfg = Release|Any CPU
		{FE72FF81-6FCD-4874-BCA8-A2A665E83F77}.AppStore|ARM.Build.0 = Release|Any CPU
		{FE72FF81-6FCD-4874-BCA8-A2A665E83F77}.AppStore|iPhone.ActiveCfg = Release|Any CPU
		{FE72FF81-6FCD-4874-BCA8-A2A665E83F77}.AppStore|iPhone.Build.0 = Release|Any CPU
		{FE72FF81-6FCD-4874-BCA8-A2A665E83F77}.AppStore|iPhoneSimulator.ActiveCfg = Release|Any CPU
		{FE72FF81-6FCD-4874-BCA8-A2A665E83F77}.AppStore|iPhoneSimulator.Build.0 = Release|Any CPU
		{FE72FF81-6FCD-4874-BCA8-A2A665E83F77}.AppStore|x64.ActiveCfg = Release|Any CPU
		{FE72FF81-6FCD-4874-BCA8-A2A665E83F77}.AppStore|x64.Build.0 = Release|Any CPU
		{FE72FF81-6FCD-4874-BCA8-A2A665E83F77}.AppStore|x86.ActiveCfg = Release|Any CPU
		{FE72FF81-6FCD-4874-BCA8-A2A665E83F77}.AppStore|x86.Build.0 = Release|Any CPU
		{FE72FF81-6FCD-4874-BCA8-A2A665E83F77}.Debug|Any CPU.ActiveCfg = Debug|Any CPU
		{FE72FF81-6FCD-4874-BCA8-A2A665E83F77}.Debug|Any CPU.Build.0 = Debug|Any CPU
		{FE72FF81-6FCD-4874-BCA8-A2A665E83F77}.Debug|ARM.ActiveCfg = Debug|Any CPU
		{FE72FF81-6FCD-4874-BCA8-A2A665E83F77}.Debug|ARM.Build.0 = Debug|Any CPU
		{FE72FF81-6FCD-4874-BCA8-A2A665E83F77}.Debug|iPhone.ActiveCfg = Debug|Any CPU
		{FE72FF81-6FCD-4874-BCA8-A2A665E83F77}.Debug|iPhone.Build.0 = Debug|Any CPU
		{FE72FF81-6FCD-4874-BCA8-A2A665E83F77}.Debug|iPhoneSimulator.ActiveCfg = Debug|Any CPU
		{FE72FF81-6FCD-4874-BCA8-A2A665E83F77}.Debug|iPhoneSimulator.Build.0 = Debug|Any CPU
		{FE72FF81-6FCD-4874-BCA8-A2A665E83F77}.Debug|x64.ActiveCfg = Debug|Any CPU
		{FE72FF81-6FCD-4874-BCA8-A2A665E83F77}.Debug|x64.Build.0 = Debug|Any CPU
		{FE72FF81-6FCD-4874-BCA8-A2A665E83F77}.Debug|x86.ActiveCfg = Debug|Any CPU
		{FE72FF81-6FCD-4874-BCA8-A2A665E83F77}.Debug|x86.Build.0 = Debug|Any CPU
		{FE72FF81-6FCD-4874-BCA8-A2A665E83F77}.Release|Any CPU.ActiveCfg = Release|Any CPU
		{FE72FF81-6FCD-4874-BCA8-A2A665E83F77}.Release|Any CPU.Build.0 = Release|Any CPU
		{FE72FF81-6FCD-4874-BCA8-A2A665E83F77}.Release|ARM.ActiveCfg = Release|Any CPU
		{FE72FF81-6FCD-4874-BCA8-A2A665E83F77}.Release|ARM.Build.0 = Release|Any CPU
		{FE72FF81-6FCD-4874-BCA8-A2A665E83F77}.Release|iPhone.ActiveCfg = Release|Any CPU
		{FE72FF81-6FCD-4874-BCA8-A2A665E83F77}.Release|iPhone.Build.0 = Release|Any CPU
		{FE72FF81-6FCD-4874-BCA8-A2A665E83F77}.Release|iPhoneSimulator.ActiveCfg = Release|Any CPU
		{FE72FF81-6FCD-4874-BCA8-A2A665E83F77}.Release|iPhoneSimulator.Build.0 = Release|Any CPU
		{FE72FF81-6FCD-4874-BCA8-A2A665E83F77}.Release|x64.ActiveCfg = Release|Any CPU
		{FE72FF81-6FCD-4874-BCA8-A2A665E83F77}.Release|x64.Build.0 = Release|Any CPU
		{FE72FF81-6FCD-4874-BCA8-A2A665E83F77}.Release|x86.ActiveCfg = Release|Any CPU
		{FE72FF81-6FCD-4874-BCA8-A2A665E83F77}.Release|x86.Build.0 = Release|Any CPU
		{90715E8C-B522-4CAE-A7AD-2587AD946F85}.Ad-Hoc|Any CPU.ActiveCfg = Ad-Hoc|iPhone
		{90715E8C-B522-4CAE-A7AD-2587AD946F85}.Ad-Hoc|ARM.ActiveCfg = Ad-Hoc|iPhone
		{90715E8C-B522-4CAE-A7AD-2587AD946F85}.Ad-Hoc|iPhone.ActiveCfg = Ad-Hoc|iPhone
		{90715E8C-B522-4CAE-A7AD-2587AD946F85}.Ad-Hoc|iPhone.Build.0 = Ad-Hoc|iPhone
		{90715E8C-B522-4CAE-A7AD-2587AD946F85}.Ad-Hoc|iPhoneSimulator.ActiveCfg = Ad-Hoc|iPhoneSimulator
		{90715E8C-B522-4CAE-A7AD-2587AD946F85}.Ad-Hoc|iPhoneSimulator.Build.0 = Ad-Hoc|iPhoneSimulator
		{90715E8C-B522-4CAE-A7AD-2587AD946F85}.Ad-Hoc|x64.ActiveCfg = Ad-Hoc|iPhone
		{90715E8C-B522-4CAE-A7AD-2587AD946F85}.Ad-Hoc|x86.ActiveCfg = Ad-Hoc|iPhone
		{90715E8C-B522-4CAE-A7AD-2587AD946F85}.AppStore|Any CPU.ActiveCfg = AppStore|iPhone
		{90715E8C-B522-4CAE-A7AD-2587AD946F85}.AppStore|ARM.ActiveCfg = AppStore|iPhone
		{90715E8C-B522-4CAE-A7AD-2587AD946F85}.AppStore|iPhone.ActiveCfg = AppStore|iPhone
		{90715E8C-B522-4CAE-A7AD-2587AD946F85}.AppStore|iPhone.Build.0 = AppStore|iPhone
		{90715E8C-B522-4CAE-A7AD-2587AD946F85}.AppStore|iPhoneSimulator.ActiveCfg = AppStore|iPhoneSimulator
		{90715E8C-B522-4CAE-A7AD-2587AD946F85}.AppStore|iPhoneSimulator.Build.0 = AppStore|iPhoneSimulator
		{90715E8C-B522-4CAE-A7AD-2587AD946F85}.AppStore|x64.ActiveCfg = AppStore|iPhone
		{90715E8C-B522-4CAE-A7AD-2587AD946F85}.AppStore|x86.ActiveCfg = AppStore|iPhone
		{90715E8C-B522-4CAE-A7AD-2587AD946F85}.Debug|Any CPU.ActiveCfg = Debug|iPhone
		{90715E8C-B522-4CAE-A7AD-2587AD946F85}.Debug|ARM.ActiveCfg = Debug|iPhone
		{90715E8C-B522-4CAE-A7AD-2587AD946F85}.Debug|iPhone.ActiveCfg = Debug|iPhone
		{90715E8C-B522-4CAE-A7AD-2587AD946F85}.Debug|iPhone.Build.0 = Debug|iPhone
		{90715E8C-B522-4CAE-A7AD-2587AD946F85}.Debug|iPhoneSimulator.ActiveCfg = Debug|iPhoneSimulator
		{90715E8C-B522-4CAE-A7AD-2587AD946F85}.Debug|iPhoneSimulator.Build.0 = Debug|iPhoneSimulator
		{90715E8C-B522-4CAE-A7AD-2587AD946F85}.Debug|x64.ActiveCfg = Debug|iPhone
		{90715E8C-B522-4CAE-A7AD-2587AD946F85}.Debug|x86.ActiveCfg = Debug|iPhone
		{90715E8C-B522-4CAE-A7AD-2587AD946F85}.Release|Any CPU.ActiveCfg = Release|iPhone
		{90715E8C-B522-4CAE-A7AD-2587AD946F85}.Release|ARM.ActiveCfg = Release|iPhone
		{90715E8C-B522-4CAE-A7AD-2587AD946F85}.Release|iPhone.ActiveCfg = Release|iPhone
		{90715E8C-B522-4CAE-A7AD-2587AD946F85}.Release|iPhone.Build.0 = Release|iPhone
		{90715E8C-B522-4CAE-A7AD-2587AD946F85}.Release|iPhoneSimulator.ActiveCfg = Release|iPhoneSimulator
		{90715E8C-B522-4CAE-A7AD-2587AD946F85}.Release|iPhoneSimulator.Build.0 = Release|iPhoneSimulator
		{90715E8C-B522-4CAE-A7AD-2587AD946F85}.Release|x64.ActiveCfg = Release|iPhone
		{90715E8C-B522-4CAE-A7AD-2587AD946F85}.Release|x86.ActiveCfg = Release|iPhone
		{2DED7CDE-720F-4FC1-904D-25CC569F57BF}.Ad-Hoc|Any CPU.ActiveCfg = Release|x64
		{2DED7CDE-720F-4FC1-904D-25CC569F57BF}.Ad-Hoc|Any CPU.Build.0 = Release|x64
		{2DED7CDE-720F-4FC1-904D-25CC569F57BF}.Ad-Hoc|Any CPU.Deploy.0 = Release|x64
		{2DED7CDE-720F-4FC1-904D-25CC569F57BF}.Ad-Hoc|ARM.ActiveCfg = Release|ARM
		{2DED7CDE-720F-4FC1-904D-25CC569F57BF}.Ad-Hoc|ARM.Build.0 = Release|ARM
		{2DED7CDE-720F-4FC1-904D-25CC569F57BF}.Ad-Hoc|ARM.Deploy.0 = Release|ARM
		{2DED7CDE-720F-4FC1-904D-25CC569F57BF}.Ad-Hoc|iPhone.ActiveCfg = Release|x64
		{2DED7CDE-720F-4FC1-904D-25CC569F57BF}.Ad-Hoc|iPhone.Build.0 = Release|x64
		{2DED7CDE-720F-4FC1-904D-25CC569F57BF}.Ad-Hoc|iPhone.Deploy.0 = Release|x64
		{2DED7CDE-720F-4FC1-904D-25CC569F57BF}.Ad-Hoc|iPhoneSimulator.ActiveCfg = Release|x64
		{2DED7CDE-720F-4FC1-904D-25CC569F57BF}.Ad-Hoc|iPhoneSimulator.Build.0 = Release|x64
		{2DED7CDE-720F-4FC1-904D-25CC569F57BF}.Ad-Hoc|iPhoneSimulator.Deploy.0 = Release|x64
		{2DED7CDE-720F-4FC1-904D-25CC569F57BF}.Ad-Hoc|x64.ActiveCfg = Release|x64
		{2DED7CDE-720F-4FC1-904D-25CC569F57BF}.Ad-Hoc|x64.Build.0 = Release|x64
		{2DED7CDE-720F-4FC1-904D-25CC569F57BF}.Ad-Hoc|x64.Deploy.0 = Release|x64
		{2DED7CDE-720F-4FC1-904D-25CC569F57BF}.Ad-Hoc|x86.ActiveCfg = Release|x86
		{2DED7CDE-720F-4FC1-904D-25CC569F57BF}.Ad-Hoc|x86.Build.0 = Release|x86
		{2DED7CDE-720F-4FC1-904D-25CC569F57BF}.Ad-Hoc|x86.Deploy.0 = Release|x86
		{2DED7CDE-720F-4FC1-904D-25CC569F57BF}.AppStore|Any CPU.ActiveCfg = Release|x64
		{2DED7CDE-720F-4FC1-904D-25CC569F57BF}.AppStore|Any CPU.Build.0 = Release|x64
		{2DED7CDE-720F-4FC1-904D-25CC569F57BF}.AppStore|Any CPU.Deploy.0 = Release|x64
		{2DED7CDE-720F-4FC1-904D-25CC569F57BF}.AppStore|ARM.ActiveCfg = Release|ARM
		{2DED7CDE-720F-4FC1-904D-25CC569F57BF}.AppStore|ARM.Build.0 = Release|ARM
		{2DED7CDE-720F-4FC1-904D-25CC569F57BF}.AppStore|ARM.Deploy.0 = Release|ARM
		{2DED7CDE-720F-4FC1-904D-25CC569F57BF}.AppStore|iPhone.ActiveCfg = Release|x64
		{2DED7CDE-720F-4FC1-904D-25CC569F57BF}.AppStore|iPhone.Build.0 = Release|x64
		{2DED7CDE-720F-4FC1-904D-25CC569F57BF}.AppStore|iPhone.Deploy.0 = Release|x64
		{2DED7CDE-720F-4FC1-904D-25CC569F57BF}.AppStore|iPhoneSimulator.ActiveCfg = Release|x64
		{2DED7CDE-720F-4FC1-904D-25CC569F57BF}.AppStore|iPhoneSimulator.Build.0 = Release|x64
		{2DED7CDE-720F-4FC1-904D-25CC569F57BF}.AppStore|iPhoneSimulator.Deploy.0 = Release|x64
		{2DED7CDE-720F-4FC1-904D-25CC569F57BF}.AppStore|x64.ActiveCfg = Release|x64
		{2DED7CDE-720F-4FC1-904D-25CC569F57BF}.AppStore|x64.Build.0 = Release|x64
		{2DED7CDE-720F-4FC1-904D-25CC569F57BF}.AppStore|x64.Deploy.0 = Release|x64
		{2DED7CDE-720F-4FC1-904D-25CC569F57BF}.AppStore|x86.ActiveCfg = Release|x86
		{2DED7CDE-720F-4FC1-904D-25CC569F57BF}.AppStore|x86.Build.0 = Release|x86
		{2DED7CDE-720F-4FC1-904D-25CC569F57BF}.AppStore|x86.Deploy.0 = Release|x86
		{2DED7CDE-720F-4FC1-904D-25CC569F57BF}.Debug|Any CPU.ActiveCfg = Debug|x86
		{2DED7CDE-720F-4FC1-904D-25CC569F57BF}.Debug|ARM.ActiveCfg = Debug|ARM
		{2DED7CDE-720F-4FC1-904D-25CC569F57BF}.Debug|ARM.Build.0 = Debug|ARM
		{2DED7CDE-720F-4FC1-904D-25CC569F57BF}.Debug|ARM.Deploy.0 = Debug|ARM
		{2DED7CDE-720F-4FC1-904D-25CC569F57BF}.Debug|iPhone.ActiveCfg = Debug|x86
		{2DED7CDE-720F-4FC1-904D-25CC569F57BF}.Debug|iPhoneSimulator.ActiveCfg = Debug|x86
		{2DED7CDE-720F-4FC1-904D-25CC569F57BF}.Debug|x64.ActiveCfg = Debug|x64
		{2DED7CDE-720F-4FC1-904D-25CC569F57BF}.Debug|x64.Build.0 = Debug|x64
		{2DED7CDE-720F-4FC1-904D-25CC569F57BF}.Debug|x64.Deploy.0 = Debug|x64
		{2DED7CDE-720F-4FC1-904D-25CC569F57BF}.Debug|x86.ActiveCfg = Debug|x86
		{2DED7CDE-720F-4FC1-904D-25CC569F57BF}.Debug|x86.Build.0 = Debug|x86
		{2DED7CDE-720F-4FC1-904D-25CC569F57BF}.Debug|x86.Deploy.0 = Debug|x86
		{2DED7CDE-720F-4FC1-904D-25CC569F57BF}.Release|Any CPU.ActiveCfg = Release|x86
		{2DED7CDE-720F-4FC1-904D-25CC569F57BF}.Release|ARM.ActiveCfg = Release|ARM
		{2DED7CDE-720F-4FC1-904D-25CC569F57BF}.Release|ARM.Build.0 = Release|ARM
		{2DED7CDE-720F-4FC1-904D-25CC569F57BF}.Release|ARM.Deploy.0 = Release|ARM
		{2DED7CDE-720F-4FC1-904D-25CC569F57BF}.Release|iPhone.ActiveCfg = Release|x86
		{2DED7CDE-720F-4FC1-904D-25CC569F57BF}.Release|iPhoneSimulator.ActiveCfg = Release|x86
		{2DED7CDE-720F-4FC1-904D-25CC569F57BF}.Release|x64.ActiveCfg = Release|x64
		{2DED7CDE-720F-4FC1-904D-25CC569F57BF}.Release|x64.Build.0 = Release|x64
		{2DED7CDE-720F-4FC1-904D-25CC569F57BF}.Release|x64.Deploy.0 = Release|x64
		{2DED7CDE-720F-4FC1-904D-25CC569F57BF}.Release|x86.ActiveCfg = Release|x86
		{2DED7CDE-720F-4FC1-904D-25CC569F57BF}.Release|x86.Build.0 = Release|x86
		{2DED7CDE-720F-4FC1-904D-25CC569F57BF}.Release|x86.Deploy.0 = Release|x86
		{9576F880-6C8E-44EA-8ECC-656FD21AD866}.Ad-Hoc|Any CPU.ActiveCfg = Release|Any CPU
		{9576F880-6C8E-44EA-8ECC-656FD21AD866}.Ad-Hoc|Any CPU.Build.0 = Release|Any CPU
		{9576F880-6C8E-44EA-8ECC-656FD21AD866}.Ad-Hoc|ARM.ActiveCfg = Release|Any CPU
		{9576F880-6C8E-44EA-8ECC-656FD21AD866}.Ad-Hoc|ARM.Build.0 = Release|Any CPU
		{9576F880-6C8E-44EA-8ECC-656FD21AD866}.Ad-Hoc|iPhone.ActiveCfg = Release|Any CPU
		{9576F880-6C8E-44EA-8ECC-656FD21AD866}.Ad-Hoc|iPhone.Build.0 = Release|Any CPU
		{9576F880-6C8E-44EA-8ECC-656FD21AD866}.Ad-Hoc|iPhoneSimulator.ActiveCfg = Release|Any CPU
		{9576F880-6C8E-44EA-8ECC-656FD21AD866}.Ad-Hoc|iPhoneSimulator.Build.0 = Release|Any CPU
		{9576F880-6C8E-44EA-8ECC-656FD21AD866}.Ad-Hoc|x64.ActiveCfg = Release|Any CPU
		{9576F880-6C8E-44EA-8ECC-656FD21AD866}.Ad-Hoc|x64.Build.0 = Release|Any CPU
		{9576F880-6C8E-44EA-8ECC-656FD21AD866}.Ad-Hoc|x86.ActiveCfg = Release|Any CPU
		{9576F880-6C8E-44EA-8ECC-656FD21AD866}.Ad-Hoc|x86.Build.0 = Release|Any CPU
		{9576F880-6C8E-44EA-8ECC-656FD21AD866}.AppStore|Any CPU.ActiveCfg = Release|Any CPU
		{9576F880-6C8E-44EA-8ECC-656FD21AD866}.AppStore|Any CPU.Build.0 = Release|Any CPU
		{9576F880-6C8E-44EA-8ECC-656FD21AD866}.AppStore|ARM.ActiveCfg = Release|Any CPU
		{9576F880-6C8E-44EA-8ECC-656FD21AD866}.AppStore|ARM.Build.0 = Release|Any CPU
		{9576F880-6C8E-44EA-8ECC-656FD21AD866}.AppStore|iPhone.ActiveCfg = Release|Any CPU
		{9576F880-6C8E-44EA-8ECC-656FD21AD866}.AppStore|iPhone.Build.0 = Release|Any CPU
		{9576F880-6C8E-44EA-8ECC-656FD21AD866}.AppStore|iPhoneSimulator.ActiveCfg = Release|Any CPU
		{9576F880-6C8E-44EA-8ECC-656FD21AD866}.AppStore|iPhoneSimulator.Build.0 = Release|Any CPU
		{9576F880-6C8E-44EA-8ECC-656FD21AD866}.AppStore|x64.ActiveCfg = Release|Any CPU
		{9576F880-6C8E-44EA-8ECC-656FD21AD866}.AppStore|x64.Build.0 = Release|Any CPU
		{9576F880-6C8E-44EA-8ECC-656FD21AD866}.AppStore|x86.ActiveCfg = Release|Any CPU
		{9576F880-6C8E-44EA-8ECC-656FD21AD866}.AppStore|x86.Build.0 = Release|Any CPU
		{9576F880-6C8E-44EA-8ECC-656FD21AD866}.Debug|Any CPU.ActiveCfg = Debug|Any CPU
		{9576F880-6C8E-44EA-8ECC-656FD21AD866}.Debug|Any CPU.Build.0 = Debug|Any CPU
		{9576F880-6C8E-44EA-8ECC-656FD21AD866}.Debug|ARM.ActiveCfg = Debug|Any CPU
		{9576F880-6C8E-44EA-8ECC-656FD21AD866}.Debug|ARM.Build.0 = Debug|Any CPU
		{9576F880-6C8E-44EA-8ECC-656FD21AD866}.Debug|iPhone.ActiveCfg = Debug|Any CPU
		{9576F880-6C8E-44EA-8ECC-656FD21AD866}.Debug|iPhone.Build.0 = Debug|Any CPU
		{9576F880-6C8E-44EA-8ECC-656FD21AD866}.Debug|iPhoneSimulator.ActiveCfg = Debug|Any CPU
		{9576F880-6C8E-44EA-8ECC-656FD21AD866}.Debug|iPhoneSimulator.Build.0 = Debug|Any CPU
		{9576F880-6C8E-44EA-8ECC-656FD21AD866}.Debug|x64.ActiveCfg = Debug|Any CPU
		{9576F880-6C8E-44EA-8ECC-656FD21AD866}.Debug|x64.Build.0 = Debug|Any CPU
		{9576F880-6C8E-44EA-8ECC-656FD21AD866}.Debug|x86.ActiveCfg = Debug|Any CPU
		{9576F880-6C8E-44EA-8ECC-656FD21AD866}.Debug|x86.Build.0 = Debug|Any CPU
		{9576F880-6C8E-44EA-8ECC-656FD21AD866}.Release|Any CPU.ActiveCfg = Release|Any CPU
		{9576F880-6C8E-44EA-8ECC-656FD21AD866}.Release|Any CPU.Build.0 = Release|Any CPU
		{9576F880-6C8E-44EA-8ECC-656FD21AD866}.Release|ARM.ActiveCfg = Release|Any CPU
		{9576F880-6C8E-44EA-8ECC-656FD21AD866}.Release|ARM.Build.0 = Release|Any CPU
		{9576F880-6C8E-44EA-8ECC-656FD21AD866}.Release|iPhone.ActiveCfg = Release|Any CPU
		{9576F880-6C8E-44EA-8ECC-656FD21AD866}.Release|iPhone.Build.0 = Release|Any CPU
		{9576F880-6C8E-44EA-8ECC-656FD21AD866}.Release|iPhoneSimulator.ActiveCfg = Release|Any CPU
		{9576F880-6C8E-44EA-8ECC-656FD21AD866}.Release|iPhoneSimulator.Build.0 = Release|Any CPU
		{9576F880-6C8E-44EA-8ECC-656FD21AD866}.Release|x64.ActiveCfg = Release|Any CPU
		{9576F880-6C8E-44EA-8ECC-656FD21AD866}.Release|x64.Build.0 = Release|Any CPU
		{9576F880-6C8E-44EA-8ECC-656FD21AD866}.Release|x86.ActiveCfg = Release|Any CPU
		{9576F880-6C8E-44EA-8ECC-656FD21AD866}.Release|x86.Build.0 = Release|Any CPU
	EndGlobalSection
	GlobalSection(SolutionProperties) = preSolution
		HideSolutionNode = FALSE
	EndGlobalSection
	GlobalSection(ExtensibilityGlobals) = postSolution
		SolutionGuid = {F79E9DF9-1000-44E3-B16C-D6CDF2818789}
	EndGlobalSection
EndGlobal
